
Microsoft Visual Studio Solution File, Format Version 12.00
# Visual Studio 2013
VisualStudioVersion = 12.0.21113.0
MinimumVisualStudioVersion = 10.0.40219.1
Project("{FAE04EC0-301F-11D3-BF4B-00C04F79EFBC}") = "Jayway.Csharp.Practice", "Jayway.Csharp.Practice\Jayway.Csharp.Practice.csproj", "{1307EED4-E923-46D6-A855-378FEE650B3A}"
EndProject
Project("{FAE04EC0-301F-11D3-BF4B-00C04F79EFBC}") = "Jayway.Csharp.Practice.Tests", "Jayway.Csharp.Practice.Tests\Jayway.Csharp.Practice.Tests.csproj", "{53E8F776-61DF-4C79-AD4B-5AC6EB932290}"
EndProject
Global
	GlobalSection(SolutionConfigurationPlatforms) = preSolution
		Debug|Any CPU = Debug|Any CPU
		Release|Any CPU = Release|Any CPU
	EndGlobalSection
	GlobalSection(ProjectConfigurationPlatforms) = postSolution
		{1307EED4-E923-46D6-A855-378FEE650B3A}.Debug|Any CPU.ActiveCfg = Debug|Any CPU
		{1307EED4-E923-46D6-A855-378FEE650B3A}.Debug|Any CPU.Build.0 = Debug|Any CPU
		{1307EED4-E923-46D6-A855-378FEE650B3A}.Release|Any CPU.ActiveCfg = Release|Any CPU
		{1307EED4-E923-46D6-A855-378FEE650B3A}.Release|Any CPU.Build.0 = Release|Any CPU
		{53E8F776-61DF-4C79-AD4B-5AC6EB932290}.Debug|Any CPU.ActiveCfg = Debug|Any CPU
		{53E8F776-61DF-4C79-AD4B-5AC6EB932290}.Debug|Any CPU.Build.0 = Debug|Any CPU
		{53E8F776-61DF-4C79-AD4B-5AC6EB932290}.Release|Any CPU.ActiveCfg = Release|Any CPU
		{53E8F776-61DF-4C79-AD4B-5AC6EB932290}.Release|Any CPU.Build.0 = Release|Any CPU
	EndGlobalSection
	GlobalSection(SolutionProperties) = preSolution
		HideSolutionNode = FALSE
	EndGlobalSection
EndGlobal
